github.com/BurntSushi/toml v0.3.0 h1:e1/Ivsx3Z0FVTV0NSOv/aVgbUWyQuzj7DDnFblkRvsY=
github.com/BurntSushi/toml v0.3.0/go.mod h1:xHWCNGjB5oqiDr8zfno3MHue2Ht5sIBksp03qcyfWMU=
github.com/Microsoft/go-winio v0.4.9/go.mod h1:VhR8bwka0BXejwEJY73c50VrPtXAaKcyvVC4A4RozmA=
github.com/buildpack/lifecycle v0.0.0-20180820122535-fa5968b9c0a6 h1:xKmOZ86KOEXIAMDylRQR5Ns4b3sGgpWt3vL0fxbbhEw=
github.com/buildpack/lifecycle v0.0.0-20180820122535-fa5968b9c0a6/go.mod h1:tKBHRckd8Oq05rG6PDrZnOAINA0NkZxlMmUAOxzweAQ=
github.com/buildpack/packs v0.0.0-20180808181744-27a22e86e2e7 h1:nTd2oUeTXp0sHXrWHuFc0T+bBABCrtnHRttoIi3zbUc=
github.com/buildpack/packs v0.0.0-20180808181744-27a22e86e2e7/go.mod h1:jcquCT5a2gbyJw8WMkfgq36g7yc5VDSABVnCctIUKs8=
github.com/buildpack/packs v0.0.0-20180820154346-0aa8a49ec4b4 h1:UKCftJJ3LYjRq8Gudd5HjCXrTCw5w8k1qyBCj0MXj/o=
github.com/buildpack/packs v0.0.0-20180820154346-0aa8a49ec4b4/go.mod h1:jcquCT5a2gbyJw8WMkfgq36g7yc5VDSABVnCctIUKs8=
github.com/docker/distribution v2.6.2+incompatible h1:4FI6af79dfCS/CYb+RRtkSHw3q1L/bnDjG1PcPZtQhM=
github.com/docker/distribution v2.6.2+incompatible/go.mod h1:J2gT2udsDAN96Uj4KfcMRqY0/ypR+oyYUYmja8H+y+w=
github.com/docker/docker v1.13.1 h1:5VBhsO6ckUxB0A8CE5LlUJdXzik9cbEbBTQ/ggeml7M=
github.com/docker/docker v1.13.1/go.mod h1:eEKB0N0r5NX/I1kEveEz05bcu8tLC/8azJZsviup8Sk=
github.com/docker/go-connections v0.4.0 h1:El9xVISelRB7BuFusrZozjnkIM5YnzCViNKohAFqRJQ=
github.com/docker/go-connections v0.4.0/go.mod h1:Gbd7IOopHjR8Iph03tsViu4nIes5XhDvyHbTtUxmeec=
github.com/docker/go-units v0.3.3 h1:Xk8S3Xj5sLGlG5g67hJmYMmUgXv5N4PhkjJHHqrwnTk=
github.com/docker/go-units v0.3.3/go.mod h1:fgPhTUdO+D/Jk86RDLlptpiXQzgHJF7gydDDbaIK4Dk=
github.com/golang/mock v1.1.1/go.mod h1:oTYuIxOrZwtPieC+H1uAHpcLFnEyAGVDL/k47Jfbm0A=
github.com/google/go-cmp v0.2.0 h1:+dTQ8DZQJz0Mb/HjFlkptS1FeQ4cWSnN941F8aEG4SQ=
github.com/google/go-cmp v0.2.0/go.mod h1:oXzfMopK8JAjlY9xF4vHSVASa0yLyX7SntLO5aqRK0M=
github.com/google/go-containerregistry v0.0.0-20180731221751-697ee0b3d46e h1:r4P1NixrrRg3znfuzgWmGkuBmYGsmAmWK4s7bcUa6ZY=
github.com/google/go-containerregistry v0.0.0-20180731221751-697ee0b3d46e/go.mod h1:yZAFP63pRshzrEYLXLGPmUt0Ay+2zdjmMN1loCnRLUk=
github.com/google/go-containerregistry v0.0.0-20180815195620-3165313d6d3f h1:r0kIiA6uoeBOCVhOI09PTJ1qNGRBxXnVAZqPkTk9QVI=
github.com/google/go-containerregistry v0.0.0-20180815195620-3165313d6d3f/go.mod h1:yZAFP63pRshzrEYLXLGPmUt0Ay+2zdjmMN1loCnRLUk=
github.com/google/uuid v0.0.0-20171129191014-dec09d789f3d h1:rXQlD9GXkjA/PQZhmEaF/8Pj/sJfdZJK7GJG0gkS8I0=
github.com/google/uuid v0.0.0-20171129191014-dec09d789f3d/go.mod h1:TIyPZe4MgqvfeYDBFedMoGGpEw/LqOeaOT+nhxU+yHo=
github.com/inconshreveable/mousetrap v1.0.0/go.mod h1:PxqpIevigyE2G7u3NXJIT2ANytuPF1OarO4DADm73n8=
github.com/pkg/errors v0.8.0 h1:WdK/asTD0HN+q6hsWO3/vpuAkAr+tw6aNJNDFFf0+qw=
github.com/pkg/errors v0.8.0/go.mod h1:bwawxfHBFNV+L2hUp1rHADufV3IMtnDRdf1r5NINEl0=
github.com/sclevine/spec v0.0.0-20180404042546-a925ac4bfbc9 h1:xh7f/httJstXLcqjPfzpsgLoLuB1wFNRPaOE8KYxdoM=
github.com/sclevine/spec v0.0.0-20180404042546-a925ac4bfbc9/go.mod h1:W4J29eT/Kzv7/b9IWLB055Z+qvVC9vt0Arko24q7p+U=
github.com/sclevine/spec v1.0.0 h1:ILQ08A/CHCz8GGqivOvI54Hy1U40wwcpkf7WtB1MQfY=
github.com/sclevine/spec v1.0.0/go.mod h1:W4J29eT/Kzv7/b9IWLB055Z+qvVC9vt0Arko24q7p+U=
github.com/spf13/cobra v0.0.3 h1:ZlrZ4XsMRm04Fr5pSFxBgfND2EBVa1nLpiy1stUsX/8=
github.com/spf13/cobra v0.0.3/go.mod h1:1l0Ry5zgKvJasoi3XT1TypsSe7PqH0Sj9dhYf7v3XqQ=
github.com/spf13/pflag v1.0.1 h1:aCvUg6QPl3ibpQUxyLkrEkCHtPqYJL4x9AuhqVqFis4=
github.com/spf13/pflag v1.0.1/go.mod h1:DYY7MBk1bdzusC3SYhjObp+wFpr4gzcvqqNjLnInEg4=
github.com/spf13/pflag v1.0.2 h1:Fy0orTDgHdbnzHcsOgfCN4LtHf0ec3wwtiwJqwvf3Gc=
github.com/spf13/pflag v1.0.2/go.mod h1:DYY7MBk1bdzusC3SYhjObp+wFpr4gzcvqqNjLnInEg4=
golang.org/x/net v0.0.0-20180611182652-db08ff08e862 h1:JZi6BqOZ+iSgmLWe6llhGrNnEnK+YB/MRkStwnEfbqM=
golang.org/x/net v0.0.0-20180611182652-db08ff08e862/go.mod h1:mL1N/T3taQHkDXs73rZJwtUhF3w3ftmwwsq0BUmARs4=
golang.org/x/net v0.0.0-20180816102801-aaf60122140d h1:211XH5RPVP5tOBkz6xm3/b7KxtjqVf6PYG+evqJpE08=
golang.org/x/net v0.0.0-20180816102801-aaf60122140d/go.mod h1:mL1N/T3taQHkDXs73rZJwtUhF3w3ftmwwsq0BUmARs4=
golang.org/x/sys v0.0.0-20180724212812-e072cadbbdc8/go.mod h1:STP8DvDyc/dI5b8T5hshtkjS+E42TnysNCUPdjciGhY=
