# This file is autogenerated, do not edit; changes may be undone by the next 'dep ensure'.


[[projects]]
  name = "github.com/sclevine/spec"
  packages = [
    ".",
    "report"
  ]
  revision = "37d52e47d6706315befae125116601414232d68b"
  version = "v1.0.0"

[solve-meta]
  analyzer-name = "dep"
  analyzer-version = 1
  inputs-digest = "02ab9ad00515f362c7719ab7bff89626baa45c1408ce4fc359491b6215f3a8a7"
  solver-name = "gps-cdcl"
  solver-version = 1
